
Microsoft Visual Studio Solution File, Format Version 12.00
# Visual Studio 2013
VisualStudioVersion = 12.0.21005.1
MinimumVisualStudioVersion = 10.0.40219.1
Project("{FAE04EC0-301F-11D3-BF4B-00C04F79EFBC}") = "SophiaLex", "SophiaLex\SophiaLex.csproj", "{DBDEA070-777C-400D-AC1C-F90E0017BD62}"
EndProject
Project("{FAE04EC0-301F-11D3-BF4B-00C04F79EFBC}") = "SophiaLexTests", "SophiaLexTests\SophiaLexTests.csproj", "{B705C029-7EE2-44B4-BE1B-5509DECD1511}"
EndProject
Global
	GlobalSection(SolutionConfigurationPlatforms) = preSolution
		Debug|Any CPU = Debug|Any CPU
		Release|Any CPU = Release|Any CPU
	EndGlobalSection
	GlobalSection(ProjectConfigurationPlatforms) = postSolution
		{DBDEA070-777C-400D-AC1C-F90E0017BD62}.Debug|Any CPU.ActiveCfg = Debug|Any CPU
		{DBDEA070-777C-400D-AC1C-F90E0017BD62}.Debug|Any CPU.Build.0 = Debug|Any CPU
		{DBDEA070-777C-400D-AC1C-F90E0017BD62}.Release|Any CPU.ActiveCfg = Release|Any CPU
		{DBDEA070-777C-400D-AC1C-F90E0017BD62}.Release|Any CPU.Build.0 = Release|Any CPU
		{B705C029-7EE2-44B4-BE1B-5509DECD1511}.Debug|Any CPU.ActiveCfg = Debug|Any CPU
		{B705C029-7EE2-44B4-BE1B-5509DECD1511}.Debug|Any CPU.Build.0 = Debug|Any CPU
		{B705C029-7EE2-44B4-BE1B-5509DECD1511}.Release|Any CPU.ActiveCfg = Release|Any CPU
		{B705C029-7EE2-44B4-BE1B-5509DECD1511}.Release|Any CPU.Build.0 = Release|Any CPU
	EndGlobalSection
	GlobalSection(SolutionProperties) = preSolution
		HideSolutionNode = FALSE
	EndGlobalSection
EndGlobal
